
Microsoft Visual Studio Solution File, Format Version 12.00
# Visual Studio Version 16
VisualStudioVersion = 16.0.31613.86
MinimumVisualStudioVersion = 10.0.40219.1
Project("{9A19103F-16F7-4668-BE54-9A1E7A4F7556}") = "ConsoleApp3", "ConsoleApp3\ConsoleApp3.csproj", "{096244C6-2F9E-4443-B423-26D79851F91D}"
EndProject
Global
	GlobalSection(SolutionConfigurationPlatforms) = preSolution
		Debug|Any CPU = Debug|Any CPU
		Release|Any CPU = Release|Any CPU
	EndGlobalSection
	GlobalSection(ProjectConfigurationPlatforms) = postSolution
		{096244C6-2F9E-4443-B423-26D79851F91D}.Debug|Any CPU.ActiveCfg = Debug|Any CPU
		{096244C6-2F9E-4443-B423-26D79851F91D}.Debug|Any CPU.Build.0 = Debug|Any CPU
		{096244C6-2F9E-4443-B423-26D79851F91D}.Release|Any CPU.ActiveCfg = Release|Any CPU
		{096244C6-2F9E-4443-B423-26D79851F91D}.Release|Any CPU.Build.0 = Release|Any CPU
	EndGlobalSection
	GlobalSection(SolutionProperties) = preSolution
		HideSolutionNode = FALSE
	EndGlobalSection
	GlobalSection(ExtensibilityGlobals) = postSolution
		SolutionGuid = {C314D779-BD5F-425C-BC94-26BFC09FA629}
	EndGlobalSection
EndGlobal
